{
  "name": "learn-frontend",
  "version": "1.0.0",
  "lockfileVersion": 2,
  "requires": true,
  "packages": {
    "": {
      "name": "learn-frontend",
      "version": "1.0.0",
      "license": "ISC",
      "dependencies": {
        "normalize.css": "^8.0.1",
        "svg-to-inline": "^1.0.0-alpha.1"
      }
    },
    "node_modules/normalize.css": {
      "version": "8.0.1",
      "resolved": "https://registry.npmjs.org/normalize.css/-/normalize.css-8.0.1.tgz",
      "integrity": "sha512-qizSNPO93t1YUuUhP22btGOo3chcvDFqFaj2TRybP0DMxkHOCTYwp3n34fel4a31ORXy4m1Xq0Gyqpb5m33qIg=="
    },
    "node_modules/svg-to-inline": {
      "version": "1.0.0-alpha.1",
      "resolved": "https://registry.npmjs.org/svg-to-inline/-/svg-to-inline-1.0.0-alpha.1.tgz",
      "integrity": "sha512-xLFxhDl2xCh4c9gl1qG8rqCD6C/9yEgiJxTxaQr+R1Ja7hh7Dy38NC8k1dGTTn+R2iSPSFVnlCOY69tsEXP02g==",
      "dependencies": {
        "whatwg-fetch": "^3.0.0"
      }
    },
    "node_modules/whatwg-fetch": {
      "version": "3.6.2",
      "resolved": "https://registry.npmjs.org/whatwg-fetch/-/whatwg-fetch-3.6.2.tgz",
      "integrity": "sha512-bJlen0FcuU/0EMLrdbJ7zOnW6ITZLrZMIarMUVmdKtsGvZna8vxKYaexICWPfZ8qwf9fzNq+UEIZrnSaApt6RA=="
    }
  },
  "dependencies": {
    "normalize.css": {
      "version": "8.0.1",
      "resolved": "https://registry.npmjs.org/normalize.css/-/normalize.css-8.0.1.tgz",
      "integrity": "sha512-qizSNPO93t1YUuUhP22btGOo3chcvDFqFaj2TRybP0DMxkHOCTYwp3n34fel4a31ORXy4m1Xq0Gyqpb5m33qIg=="
    },
    "svg-to-inline": {
      "version": "1.0.0-alpha.1",
      "resolved": "https://registry.npmjs.org/svg-to-inline/-/svg-to-inline-1.0.0-alpha.1.tgz",
      "integrity": "sha512-xLFxhDl2xCh4c9gl1qG8rqCD6C/9yEgiJxTxaQr+R1Ja7hh7Dy38NC8k1dGTTn+R2iSPSFVnlCOY69tsEXP02g==",
      "requires": {
        "whatwg-fetch": "^3.0.0"
      }
    },
    "whatwg-fetch": {
      "version": "3.6.2",
      "resolved": "https://registry.npmjs.org/whatwg-fetch/-/whatwg-fetch-3.6.2.tgz",
      "integrity": "sha512-bJlen0FcuU/0EMLrdbJ7zOnW6ITZLrZMIarMUVmdKtsGvZna8vxKYaexICWPfZ8qwf9fzNq+UEIZrnSaApt6RA=="
    }
  }
}
